
Microsoft Visual Studio Solution File, Format Version 12.00
# Visual Studio Version 16
VisualStudioVersion = 16.0.29509.3
MinimumVisualStudioVersion = 10.0.40219.1
Project("{FAE04EC0-301F-11D3-BF4B-00C04F79EFBC}") = "Vehicles.UWP", "Vehicles.UWP\Vehicles.UWP.csproj", "{BF748E6C-24BE-430F-86CD-7638EAF28443}"
EndProject
Project("{FAE04EC0-301F-11D3-BF4B-00C04F79EFBC}") = "Vehicles.Android", "Vehicles.Android\Vehicles.Android.csproj", "{2A4838A2-64D8-4020-A079-EB0ED3A181D1}"
EndProject
Project("{FAE04EC0-301F-11D3-BF4B-00C04F79EFBC}") = "Vehicles.iOS", "Vehicles.iOS\Vehicles.iOS.csproj", "{339EDAFA-890B-4D18-AA14-F8D059C76C90}"
EndProject
Project("{9A19103F-16F7-4668-BE54-9A1E7A4F7556}") = "Vehicles", "Vehicles\Vehicles.csproj", "{80EDB2C6-9F3A-4763-92F4-125E9DF9CF83}"
	ProjectSection(ProjectDependencies) = postProject
		{A3824608-FA1F-4E30-99C4-46C018ED16AF} = {A3824608-FA1F-4E30-99C4-46C018ED16AF}
	EndProjectSection
EndProject
Project("{FAE04EC0-301F-11D3-BF4B-00C04F79EFBC}") = "Vehicles.Backend", "Vehicles.Backend\Vehicles.Backend.csproj", "{645A4C81-9F53-4996-AB79-C0B64D2A6ED8}"
EndProject
Project("{FAE04EC0-301F-11D3-BF4B-00C04F79EFBC}") = "Vehicles.API", "Vehicles.API\Vehicles.API.csproj", "{2ACF4CD2-7871-4654-9E52-8E67645019D2}"
EndProject
Project("{FAE04EC0-301F-11D3-BF4B-00C04F79EFBC}") = "Vehicles.Common", "Vehicles.Common\Vehicles.Common.csproj", "{A3824608-FA1F-4E30-99C4-46C018ED16AF}"
EndProject
Project("{FAE04EC0-301F-11D3-BF4B-00C04F79EFBC}") = "Vehicles.Domain", "Vehicles.Domain\Vehicles.Domain.csproj", "{C7B7DA16-207C-42A8-853B-6AA9A02FE42A}"
EndProject
Global
	GlobalSection(SolutionConfigurationPlatforms) = preSolution
		Debug|Any CPU = Debug|Any CPU
		Debug|ARM = Debug|ARM
		Debug|iPhone = Debug|iPhone
		Debug|iPhoneSimulator = Debug|iPhoneSimulator
		Debug|x64 = Debug|x64
		Debug|x86 = Debug|x86
		Release|Any CPU = Release|Any CPU
		Release|ARM = Release|ARM
		Release|iPhone = Release|iPhone
		Release|iPhoneSimulator = Release|iPhoneSimulator
		Release|x64 = Release|x64
		Release|x86 = Release|x86
	EndGlobalSection
	GlobalSection(ProjectConfigurationPlatforms) = postSolution
		{BF748E6C-24BE-430F-86CD-7638EAF28443}.Debug|Any CPU.ActiveCfg = Debug|x86
		{BF748E6C-24BE-430F-86CD-7638EAF28443}.Debug|Any CPU.Build.0 = Debug|x86
		{BF748E6C-24BE-430F-86CD-7638EAF28443}.Debug|Any CPU.Deploy.0 = Debug|x86
		{BF748E6C-24BE-430F-86CD-7638EAF28443}.Debug|ARM.ActiveCfg = Debug|ARM
		{BF748E6C-24BE-430F-86CD-7638EAF28443}.Debug|ARM.Build.0 = Debug|ARM
		{BF748E6C-24BE-430F-86CD-7638EAF28443}.Debug|ARM.Deploy.0 = Debug|ARM
		{BF748E6C-24BE-430F-86CD-7638EAF28443}.Debug|iPhone.ActiveCfg = Debug|x86
		{BF748E6C-24BE-430F-86CD-7638EAF28443}.Debug|iPhone.Build.0 = Debug|x86
		{BF748E6C-24BE-430F-86CD-7638EAF28443}.Debug|iPhone.Deploy.0 = Debug|x86
		{BF748E6C-24BE-430F-86CD-7638EAF28443}.Debug|iPhoneSimulator.ActiveCfg = Debug|x86
		{BF748E6C-24BE-430F-86CD-7638EAF28443}.Debug|iPhoneSimulator.Build.0 = Debug|x86
		{BF748E6C-24BE-430F-86CD-7638EAF28443}.Debug|iPhoneSimulator.Deploy.0 = Debug|x86
		{BF748E6C-24BE-430F-86CD-7638EAF28443}.Debug|x64.ActiveCfg = Debug|x64
		{BF748E6C-24BE-430F-86CD-7638EAF28443}.Debug|x64.Build.0 = Debug|x64
		{BF748E6C-24BE-430F-86CD-7638EAF28443}.Debug|x64.Deploy.0 = Debug|x64
		{BF748E6C-24BE-430F-86CD-7638EAF28443}.Debug|x86.ActiveCfg = Debug|x86
		{BF748E6C-24BE-430F-86CD-7638EAF28443}.Debug|x86.Build.0 = Debug|x86
		{BF748E6C-24BE-430F-86CD-7638EAF28443}.Debug|x86.Deploy.0 = Debug|x86
		{BF748E6C-24BE-430F-86CD-7638EAF28443}.Release|Any CPU.ActiveCfg = Release|x86
		{BF748E6C-24BE-430F-86CD-7638EAF28443}.Release|Any CPU.Build.0 = Release|x86
		{BF748E6C-24BE-430F-86CD-7638EAF28443}.Release|Any CPU.Deploy.0 = Release|x86
		{BF748E6C-24BE-430F-86CD-7638EAF28443}.Release|ARM.ActiveCfg = Release|ARM
		{BF748E6C-24BE-430F-86CD-7638EAF28443}.Release|ARM.Build.0 = Release|ARM
		{BF748E6C-24BE-430F-86CD-7638EAF28443}.Release|ARM.Deploy.0 = Release|ARM
		{BF748E6C-24BE-430F-86CD-7638EAF28443}.Release|iPhone.ActiveCfg = Release|x86
		{BF748E6C-24BE-430F-86CD-7638EAF28443}.Release|iPhone.Build.0 = Release|x86
		{BF748E6C-24BE-430F-86CD-7638EAF28443}.Release|iPhone.Deploy.0 = Release|x86
		{BF748E6C-24BE-430F-86CD-7638EAF28443}.Release|iPhoneSimulator.ActiveCfg = Release|x86
		{BF748E6C-24BE-430F-86CD-7638EAF28443}.Release|iPhoneSimulator.Build.0 = Release|x86
		{BF748E6C-24BE-430F-86CD-7638EAF28443}.Release|iPhoneSimulator.Deploy.0 = Release|x86
		{BF748E6C-24BE-430F-86CD-7638EAF28443}.Release|x64.ActiveCfg = Release|x64
		{BF748E6C-24BE-430F-86CD-7638EAF28443}.Release|x64.Build.0 = Release|x64
		{BF748E6C-24BE-430F-86CD-7638EAF28443}.Release|x64.Deploy.0 = Release|x64
		{BF748E6C-24BE-430F-86CD-7638EAF28443}.Release|x86.ActiveCfg = Release|x86
		{BF748E6C-24BE-430F-86CD-7638EAF28443}.Release|x86.Build.0 = Release|x86
		{BF748E6C-24BE-430F-86CD-7638EAF28443}.Release|x86.Deploy.0 = Release|x86
		{2A4838A2-64D8-4020-A079-EB0ED3A181D1}.Debug|Any CPU.ActiveCfg = Debug|Any CPU
		{2A4838A2-64D8-4020-A079-EB0ED3A181D1}.Debug|Any CPU.Build.0 = Debug|Any CPU
		{2A4838A2-64D8-4020-A079-EB0ED3A181D1}.Debug|Any CPU.Deploy.0 = Debug|Any CPU
		{2A4838A2-64D8-4020-A079-EB0ED3A181D1}.Debug|ARM.ActiveCfg = Debug|Any CPU
		{2A4838A2-64D8-4020-A079-EB0ED3A181D1}.Debug|ARM.Build.0 = Debug|Any CPU
		{2A4838A2-64D8-4020-A079-EB0ED3A181D1}.Debug|ARM.Deploy.0 = Debug|Any CPU
		{2A4838A2-64D8-4020-A079-EB0ED3A181D1}.Debug|iPhone.ActiveCfg = Debug|Any CPU
		{2A4838A2-64D8-4020-A079-EB0ED3A181D1}.Debug|iPhone.Build.0 = Debug|Any CPU
		{2A4838A2-64D8-4020-A079-EB0ED3A181D1}.Debug|iPhone.Deploy.0 = Debug|Any CPU
		{2A4838A2-64D8-4020-A079-EB0ED3A181D1}.Debug|iPhoneSimulator.ActiveCfg = Debug|Any CPU
		{2A4838A2-64D8-4020-A079-EB0ED3A181D1}.Debug|iPhoneSimulator.Build.0 = Debug|Any CPU
		{2A4838A2-64D8-4020-A079-EB0ED3A181D1}.Debug|iPhoneSimulator.Deploy.0 = Debug|Any CPU
		{2A4838A2-64D8-4020-A079-EB0ED3A181D1}.Debug|x64.ActiveCfg = Debug|Any CPU
		{2A4838A2-64D8-4020-A079-EB0ED3A181D1}.Debug|x64.Build.0 = Debug|Any CPU
		{2A4838A2-64D8-4020-A079-EB0ED3A181D1}.Debug|x64.Deploy.0 = Debug|Any CPU
		{2A4838A2-64D8-4020-A079-EB0ED3A181D1}.Debug|x86.ActiveCfg = Debug|Any CPU
		{2A4838A2-64D8-4020-A079-EB0ED3A181D1}.Debug|x86.Build.0 = Debug|Any CPU
		{2A4838A2-64D8-4020-A079-EB0ED3A181D1}.Debug|x86.Deploy.0 = Debug|Any CPU
		{2A4838A2-64D8-4020-A079-EB0ED3A181D1}.Release|Any CPU.ActiveCfg = Release|Any CPU
		{2A4838A2-64D8-4020-A079-EB0ED3A181D1}.Release|Any CPU.Build.0 = Release|Any CPU
		{2A4838A2-64D8-4020-A079-EB0ED3A181D1}.Release|Any CPU.Deploy.0 = Release|Any CPU
		{2A4838A2-64D8-4020-A079-EB0ED3A181D1}.Release|ARM.ActiveCfg = Release|Any CPU
		{2A4838A2-64D8-4020-A079-EB0ED3A181D1}.Release|ARM.Build.0 = Release|Any CPU
		{2A4838A2-64D8-4020-A079-EB0ED3A181D1}.Release|ARM.Deploy.0 = Release|Any CPU
		{2A4838A2-64D8-4020-A079-EB0ED3A181D1}.Release|iPhone.ActiveCfg = Release|Any CPU
		{2A4838A2-64D8-4020-A079-EB0ED3A181D1}.Release|iPhone.Build.0 = Release|Any CPU
		{2A4838A2-64D8-4020-A079-EB0ED3A181D1}.Release|iPhone.Deploy.0 = Release|Any CPU
		{2A4838A2-64D8-4020-A079-EB0ED3A181D1}.Release|iPhoneSimulator.ActiveCfg = Release|Any CPU
		{2A4838A2-64D8-4020-A079-EB0ED3A181D1}.Release|iPhoneSimulator.Build.0 = Release|Any CPU
		{2A4838A2-64D8-4020-A079-EB0ED3A181D1}.Release|iPhoneSimulator.Deploy.0 = Release|Any CPU
		{2A4838A2-64D8-4020-A079-EB0ED3A181D1}.Release|x64.ActiveCfg = Release|Any CPU
		{2A4838A2-64D8-4020-A079-EB0ED3A181D1}.Release|x64.Build.0 = Release|Any CPU
		{2A4838A2-64D8-4020-A079-EB0ED3A181D1}.Release|x64.Deploy.0 = Release|Any CPU
		{2A4838A2-64D8-4020-A079-EB0ED3A181D1}.Release|x86.ActiveCfg = Release|Any CPU
		{2A4838A2-64D8-4020-A079-EB0ED3A181D1}.Release|x86.Build.0 = Release|Any CPU
		{2A4838A2-64D8-4020-A079-EB0ED3A181D1}.Release|x86.Deploy.0 = Release|Any CPU
		{339EDAFA-890B-4D18-AA14-F8D059C76C90}.Debug|Any CPU.ActiveCfg = Debug|iPhone
		{339EDAFA-890B-4D18-AA14-F8D059C76C90}.Debug|Any CPU.Build.0 = Debug|iPhone
		{339EDAFA-890B-4D18-AA14-F8D059C76C90}.Debug|Any CPU.Deploy.0 = Debug|iPhone
		{339EDAFA-890B-4D18-AA14-F8D059C76C90}.Debug|ARM.ActiveCfg = Debug|iPhoneSimulator
		{339EDAFA-890B-4D18-AA14-F8D059C76C90}.Debug|ARM.Build.0 = Debug|iPhoneSimulator
		{339EDAFA-890B-4D18-AA14-F8D059C76C90}.Debug|ARM.Deploy.0 = Debug|iPhoneSimulator
		{339EDAFA-890B-4D18-AA14-F8D059C76C90}.Debug|iPhone.ActiveCfg = Debug|iPhone
		{339EDAFA-890B-4D18-AA14-F8D059C76C90}.Debug|iPhone.Build.0 = Debug|iPhone
		{339EDAFA-890B-4D18-AA14-F8D059C76C90}.Debug|iPhone.Deploy.0 = Debug|iPhone
		{339EDAFA-890B-4D18-AA14-F8D059C76C90}.Debug|iPhoneSimulator.ActiveCfg = Debug|iPhoneSimulator
		{339EDAFA-890B-4D18-AA14-F8D059C76C90}.Debug|iPhoneSimulator.Build.0 = Debug|iPhoneSimulator
		{339EDAFA-890B-4D18-AA14-F8D059C76C90}.Debug|iPhoneSimulator.Deploy.0 = Debug|iPhoneSimulator
		{339EDAFA-890B-4D18-AA14-F8D059C76C90}.Debug|x64.ActiveCfg = Debug|iPhone
		{339EDAFA-890B-4D18-AA14-F8D059C76C90}.Debug|x64.Build.0 = Debug|iPhone
		{339EDAFA-890B-4D18-AA14-F8D059C76C90}.Debug|x64.Deploy.0 = Debug|iPhone
		{339EDAFA-890B-4D18-AA14-F8D059C76C90}.Debug|x86.ActiveCfg = Debug|iPhone
		{339EDAFA-890B-4D18-AA14-F8D059C76C90}.Debug|x86.Build.0 = Debug|iPhone
		{339EDAFA-890B-4D18-AA14-F8D059C76C90}.Debug|x86.Deploy.0 = Debug|iPhone
		{339EDAFA-890B-4D18-AA14-F8D059C76C90}.Release|Any CPU.ActiveCfg = Release|iPhone
		{339EDAFA-890B-4D18-AA14-F8D059C76C90}.Release|Any CPU.Build.0 = Release|iPhone
		{339EDAFA-890B-4D18-AA14-F8D059C76C90}.Release|Any CPU.Deploy.0 = Release|iPhone
		{339EDAFA-890B-4D18-AA14-F8D059C76C90}.Release|ARM.ActiveCfg = Release|iPhone
		{339EDAFA-890B-4D18-AA14-F8D059C76C90}.Release|ARM.Build.0 = Release|iPhone
		{339EDAFA-890B-4D18-AA14-F8D059C76C90}.Release|ARM.Deploy.0 = Release|iPhone
		{339EDAFA-890B-4D18-AA14-F8D059C76C90}.Release|iPhone.ActiveCfg = Release|iPhone
		{339EDAFA-890B-4D18-AA14-F8D059C76C90}.Release|iPhone.Build.0 = Release|iPhone
		{339EDAFA-890B-4D18-AA14-F8D059C76C90}.Release|iPhone.Deploy.0 = Release|iPhone
		{339EDAFA-890B-4D18-AA14-F8D059C76C90}.Release|iPhoneSimulator.ActiveCfg = Release|iPhoneSimulator
		{339EDAFA-890B-4D18-AA14-F8D059C76C90}.Release|iPhoneSimulator.Build.0 = Release|iPhoneSimulator
		{339EDAFA-890B-4D18-AA14-F8D059C76C90}.Release|iPhoneSimulator.Deploy.0 = Release|iPhoneSimulator
		{339EDAFA-890B-4D18-AA14-F8D059C76C90}.Release|x64.ActiveCfg = Release|iPhone
		{339EDAFA-890B-4D18-AA14-F8D059C76C90}.Release|x64.Build.0 = Release|iPhone
		{339EDAFA-890B-4D18-AA14-F8D059C76C90}.Release|x64.Deploy.0 = Release|iPhone
		{339EDAFA-890B-4D18-AA14-F8D059C76C90}.Release|x86.ActiveCfg = Release|iPhone
		{339EDAFA-890B-4D18-AA14-F8D059C76C90}.Release|x86.Build.0 = Release|iPhone
		{339EDAFA-890B-4D18-AA14-F8D059C76C90}.Release|x86.Deploy.0 = Release|iPhone
		{80EDB2C6-9F3A-4763-92F4-125E9DF9CF83}.Debug|Any CPU.ActiveCfg = Debug|Any CPU
		{80EDB2C6-9F3A-4763-92F4-125E9DF9CF83}.Debug|Any CPU.Build.0 = Debug|Any CPU
		{80EDB2C6-9F3A-4763-92F4-125E9DF9CF83}.Debug|Any CPU.Deploy.0 = Debug|Any CPU
		{80EDB2C6-9F3A-4763-92F4-125E9DF9CF83}.Debug|ARM.ActiveCfg = Debug|Any CPU
		{80EDB2C6-9F3A-4763-92F4-125E9DF9CF83}.Debug|ARM.Build.0 = Debug|Any CPU
		{80EDB2C6-9F3A-4763-92F4-125E9DF9CF83}.Debug|ARM.Deploy.0 = Debug|Any CPU
		{80EDB2C6-9F3A-4763-92F4-125E9DF9CF83}.Debug|iPhone.ActiveCfg = Debug|Any CPU
		{80EDB2C6-9F3A-4763-92F4-125E9DF9CF83}.Debug|iPhone.Build.0 = Debug|Any CPU
		{80EDB2C6-9F3A-4763-92F4-125E9DF9CF83}.Debug|iPhone.Deploy.0 = Debug|Any CPU
		{80EDB2C6-9F3A-4763-92F4-125E9DF9CF83}.Debug|iPhoneSimulator.ActiveCfg = Debug|Any CPU
		{80EDB2C6-9F3A-4763-92F4-125E9DF9CF83}.Debug|iPhoneSimulator.Build.0 = Debug|Any CPU
		{80EDB2C6-9F3A-4763-92F4-125E9DF9CF83}.Debug|iPhoneSimulator.Deploy.0 = Debug|Any CPU
		{80EDB2C6-9F3A-4763-92F4-125E9DF9CF83}.Debug|x64.ActiveCfg = Debug|Any CPU
		{80EDB2C6-9F3A-4763-92F4-125E9DF9CF83}.Debug|x64.Build.0 = Debug|Any CPU
		{80EDB2C6-9F3A-4763-92F4-125E9DF9CF83}.Debug|x64.Deploy.0 = Debug|Any CPU
		{80EDB2C6-9F3A-4763-92F4-125E9DF9CF83}.Debug|x86.ActiveCfg = Debug|Any CPU
		{80EDB2C6-9F3A-4763-92F4-125E9DF9CF83}.Debug|x86.Build.0 = Debug|Any CPU
		{80EDB2C6-9F3A-4763-92F4-125E9DF9CF83}.Debug|x86.Deploy.0 = Debug|Any CPU
		{80EDB2C6-9F3A-4763-92F4-125E9DF9CF83}.Release|Any CPU.ActiveCfg = Release|Any CPU
		{80EDB2C6-9F3A-4763-92F4-125E9DF9CF83}.Release|Any CPU.Build.0 = Release|Any CPU
		{80EDB2C6-9F3A-4763-92F4-125E9DF9CF83}.Release|Any CPU.Deploy.0 = Release|Any CPU
		{80EDB2C6-9F3A-4763-92F4-125E9DF9CF83}.Release|ARM.ActiveCfg = Release|Any CPU
		{80EDB2C6-9F3A-4763-92F4-125E9DF9CF83}.Release|ARM.Build.0 = Release|Any CPU
		{80EDB2C6-9F3A-4763-92F4-125E9DF9CF83}.Release|ARM.Deploy.0 = Release|Any CPU
		{80EDB2C6-9F3A-4763-92F4-125E9DF9CF83}.Release|iPhone.ActiveCfg = Release|Any CPU
		{80EDB2C6-9F3A-4763-92F4-125E9DF9CF83}.Release|iPhone.Build.0 = Release|Any CPU
		{80EDB2C6-9F3A-4763-92F4-125E9DF9CF83}.Release|iPhone.Deploy.0 = Release|Any CPU
		{80EDB2C6-9F3A-4763-92F4-125E9DF9CF83}.Release|iPhoneSimulator.ActiveCfg = Release|Any CPU
		{80EDB2C6-9F3A-4763-92F4-125E9DF9CF83}.Release|iPhoneSimulator.Build.0 = Release|Any CPU
		{80EDB2C6-9F3A-4763-92F4-125E9DF9CF83}.Release|iPhoneSimulator.Deploy.0 = Release|Any CPU
		{80EDB2C6-9F3A-4763-92F4-125E9DF9CF83}.Release|x64.ActiveCfg = Release|Any CPU
		{80EDB2C6-9F3A-4763-92F4-125E9DF9CF83}.Release|x64.Build.0 = Release|Any CPU
		{80EDB2C6-9F3A-4763-92F4-125E9DF9CF83}.Release|x64.Deploy.0 = Release|Any CPU
		{80EDB2C6-9F3A-4763-92F4-125E9DF9CF83}.Release|x86.ActiveCfg = Release|Any CPU
		{80EDB2C6-9F3A-4763-92F4-125E9DF9CF83}.Release|x86.Build.0 = Release|Any CPU
		{80EDB2C6-9F3A-4763-92F4-125E9DF9CF83}.Release|x86.Deploy.0 = Release|Any CPU
		{645A4C81-9F53-4996-AB79-C0B64D2A6ED8}.Debug|Any CPU.ActiveCfg = Debug|Any CPU
		{645A4C81-9F53-4996-AB79-C0B64D2A6ED8}.Debug|Any CPU.Build.0 = Debug|Any CPU
		{645A4C81-9F53-4996-AB79-C0B64D2A6ED8}.Debug|ARM.ActiveCfg = Debug|Any CPU
		{645A4C81-9F53-4996-AB79-C0B64D2A6ED8}.Debug|ARM.Build.0 = Debug|Any CPU
		{645A4C81-9F53-4996-AB79-C0B64D2A6ED8}.Debug|iPhone.ActiveCfg = Debug|Any CPU
		{645A4C81-9F53-4996-AB79-C0B64D2A6ED8}.Debug|iPhone.Build.0 = Debug|Any CPU
		{645A4C81-9F53-4996-AB79-C0B64D2A6ED8}.Debug|iPhoneSimulator.ActiveCfg = Debug|Any CPU
		{645A4C81-9F53-4996-AB79-C0B64D2A6ED8}.Debug|iPhoneSimulator.Build.0 = Debug|Any CPU
		{645A4C81-9F53-4996-AB79-C0B64D2A6ED8}.Debug|x64.ActiveCfg = Debug|Any CPU
		{645A4C81-9F53-4996-AB79-C0B64D2A6ED8}.Debug|x64.Build.0 = Debug|Any CPU
		{645A4C81-9F53-4996-AB79-C0B64D2A6ED8}.Debug|x86.ActiveCfg = Debug|Any CPU
		{645A4C81-9F53-4996-AB79-C0B64D2A6ED8}.Debug|x86.Build.0 = Debug|Any CPU
		{645A4C81-9F53-4996-AB79-C0B64D2A6ED8}.Release|Any CPU.ActiveCfg = Release|Any CPU
		{645A4C81-9F53-4996-AB79-C0B64D2A6ED8}.Release|Any CPU.Build.0 = Release|Any CPU
		{645A4C81-9F53-4996-AB79-C0B64D2A6ED8}.Release|ARM.ActiveCfg = Release|Any CPU
		{645A4C81-9F53-4996-AB79-C0B64D2A6ED8}.Release|ARM.Build.0 = Release|Any CPU
		{645A4C81-9F53-4996-AB79-C0B64D2A6ED8}.Release|iPhone.ActiveCfg = Release|Any CPU
		{645A4C81-9F53-4996-AB79-C0B64D2A6ED8}.Release|iPhone.Build.0 = Release|Any CPU
		{645A4C81-9F53-4996-AB79-C0B64D2A6ED8}.Release|iPhoneSimulator.ActiveCfg = Release|Any CPU
		{645A4C81-9F53-4996-AB79-C0B64D2A6ED8}.Release|iPhoneSimulator.Build.0 = Release|Any CPU
		{645A4C81-9F53-4996-AB79-C0B64D2A6ED8}.Release|x64.ActiveCfg = Release|Any CPU
		{645A4C81-9F53-4996-AB79-C0B64D2A6ED8}.Release|x64.Build.0 = Release|Any CPU
		{645A4C81-9F53-4996-AB79-C0B64D2A6ED8}.Release|x86.ActiveCfg = Release|Any CPU
		{645A4C81-9F53-4996-AB79-C0B64D2A6ED8}.Release|x86.Build.0 = Release|Any CPU
		{2ACF4CD2-7871-4654-9E52-8E67645019D2}.Debug|Any CPU.ActiveCfg = Debug|Any CPU
		{2ACF4CD2-7871-4654-9E52-8E67645019D2}.Debug|Any CPU.Build.0 = Debug|Any CPU
		{2ACF4CD2-7871-4654-9E52-8E67645019D2}.Debug|ARM.ActiveCfg = Debug|Any CPU
		{2ACF4CD2-7871-4654-9E52-8E67645019D2}.Debug|ARM.Build.0 = Debug|Any CPU
		{2ACF4CD2-7871-4654-9E52-8E67645019D2}.Debug|iPhone.ActiveCfg = Debug|Any CPU
		{2ACF4CD2-7871-4654-9E52-8E67645019D2}.Debug|iPhone.Build.0 = Debug|Any CPU
		{2ACF4CD2-7871-4654-9E52-8E67645019D2}.Debug|iPhoneSimulator.ActiveCfg = Debug|Any CPU
		{2ACF4CD2-7871-4654-9E52-8E67645019D2}.Debug|iPhoneSimulator.Build.0 = Debug|Any CPU
		{2ACF4CD2-7871-4654-9E52-8E67645019D2}.Debug|x64.ActiveCfg = Debug|Any CPU
		{2ACF4CD2-7871-4654-9E52-8E67645019D2}.Debug|x64.Build.0 = Debug|Any CPU
		{2ACF4CD2-7871-4654-9E52-8E67645019D2}.Debug|x86.ActiveCfg = Debug|Any CPU
		{2ACF4CD2-7871-4654-9E52-8E67645019D2}.Debug|x86.Build.0 = Debug|Any CPU
		{2ACF4CD2-7871-4654-9E52-8E67645019D2}.Release|Any CPU.ActiveCfg = Release|Any CPU
		{2ACF4CD2-7871-4654-9E52-8E67645019D2}.Release|Any CPU.Build.0 = Release|Any CPU
		{2ACF4CD2-7871-4654-9E52-8E67645019D2}.Release|ARM.ActiveCfg = Release|Any CPU
		{2ACF4CD2-7871-4654-9E52-8E67645019D2}.Release|ARM.Build.0 = Release|Any CPU
		{2ACF4CD2-7871-4654-9E52-8E67645019D2}.Release|iPhone.ActiveCfg = Release|Any CPU
		{2ACF4CD2-7871-4654-9E52-8E67645019D2}.Release|iPhone.Build.0 = Release|Any CPU
		{2ACF4CD2-7871-4654-9E52-8E67645019D2}.Release|iPhoneSimulator.ActiveCfg = Release|Any CPU
		{2ACF4CD2-7871-4654-9E52-8E67645019D2}.Release|iPhoneSimulator.Build.0 = Release|Any CPU
		{2ACF4CD2-7871-4654-9E52-8E67645019D2}.Release|x64.ActiveCfg = Release|Any CPU
		{2ACF4CD2-7871-4654-9E52-8E67645019D2}.Release|x64.Build.0 = Release|Any CPU
		{2ACF4CD2-7871-4654-9E52-8E67645019D2}.Release|x86.ActiveCfg = Release|Any CPU
		{2ACF4CD2-7871-4654-9E52-8E67645019D2}.Release|x86.Build.0 = Release|Any CPU
		{A3824608-FA1F-4E30-99C4-46C018ED16AF}.Debug|Any CPU.ActiveCfg = Debug|Any CPU
		{A3824608-FA1F-4E30-99C4-46C018ED16AF}.Debug|Any CPU.Build.0 = Debug|Any CPU
		{A3824608-FA1F-4E30-99C4-46C018ED16AF}.Debug|ARM.ActiveCfg = Debug|Any CPU
		{A3824608-FA1F-4E30-99C4-46C018ED16AF}.Debug|ARM.Build.0 = Debug|Any CPU
		{A3824608-FA1F-4E30-99C4-46C018ED16AF}.Debug|iPhone.ActiveCfg = Debug|Any CPU
		{A3824608-FA1F-4E30-99C4-46C018ED16AF}.Debug|iPhone.Build.0 = Debug|Any CPU
		{A3824608-FA1F-4E30-99C4-46C018ED16AF}.Debug|iPhoneSimulator.ActiveCfg = Debug|Any CPU
		{A3824608-FA1F-4E30-99C4-46C018ED16AF}.Debug|iPhoneSimulator.Build.0 = Debug|Any CPU
		{A3824608-FA1F-4E30-99C4-46C018ED16AF}.Debug|x64.ActiveCfg = Debug|Any CPU
		{A3824608-FA1F-4E30-99C4-46C018ED16AF}.Debug|x64.Build.0 = Debug|Any CPU
		{A3824608-FA1F-4E30-99C4-46C018ED16AF}.Debug|x86.ActiveCfg = Debug|Any CPU
		{A3824608-FA1F-4E30-99C4-46C018ED16AF}.Debug|x86.Build.0 = Debug|Any CPU
		{A3824608-FA1F-4E30-99C4-46C018ED16AF}.Release|Any CPU.ActiveCfg = Release|Any CPU
		{A3824608-FA1F-4E30-99C4-46C018ED16AF}.Release|Any CPU.Build.0 = Release|Any CPU
		{A3824608-FA1F-4E30-99C4-46C018ED16AF}.Release|ARM.ActiveCfg = Release|Any CPU
		{A3824608-FA1F-4E30-99C4-46C018ED16AF}.Release|ARM.Build.0 = Release|Any CPU
		{A3824608-FA1F-4E30-99C4-46C018ED16AF}.Release|iPhone.ActiveCfg = Release|Any CPU
		{A3824608-FA1F-4E30-99C4-46C018ED16AF}.Release|iPhone.Build.0 = Release|Any CPU
		{A3824608-FA1F-4E30-99C4-46C018ED16AF}.Release|iPhoneSimulator.ActiveCfg = Release|Any CPU
		{A3824608-FA1F-4E30-99C4-46C018ED16AF}.Release|iPhoneSimulator.Build.0 = Release|Any CPU
		{A3824608-FA1F-4E30-99C4-46C018ED16AF}.Release|x64.ActiveCfg = Release|Any CPU
		{A3824608-FA1F-4E30-99C4-46C018ED16AF}.Release|x64.Build.0 = Release|Any CPU
		{A3824608-FA1F-4E30-99C4-46C018ED16AF}.Release|x86.ActiveCfg = Release|Any CPU
		{A3824608-FA1F-4E30-99C4-46C018ED16AF}.Release|x86.Build.0 = Release|Any CPU
		{C7B7DA16-207C-42A8-853B-6AA9A02FE42A}.Debug|Any CPU.ActiveCfg = Debug|Any CPU
		{C7B7DA16-207C-42A8-853B-6AA9A02FE42A}.Debug|Any CPU.Build.0 = Debug|Any CPU
		{C7B7DA16-207C-42A8-853B-6AA9A02FE42A}.Debug|ARM.ActiveCfg = Debug|Any CPU
		{C7B7DA16-207C-42A8-853B-6AA9A02FE42A}.Debug|ARM.Build.0 = Debug|Any CPU
		{C7B7DA16-207C-42A8-853B-6AA9A02FE42A}.Debug|iPhone.ActiveCfg = Debug|Any CPU
		{C7B7DA16-207C-42A8-853B-6AA9A02FE42A}.Debug|iPhone.Build.0 = Debug|Any CPU
		{C7B7DA16-207C-42A8-853B-6AA9A02FE42A}.Debug|iPhoneSimulator.ActiveCfg = Debug|Any CPU
		{C7B7DA16-207C-42A8-853B-6AA9A02FE42A}.Debug|iPhoneSimulator.Build.0 = Debug|Any CPU
		{C7B7DA16-207C-42A8-853B-6AA9A02FE42A}.Debug|x64.ActiveCfg = Debug|Any CPU
		{C7B7DA16-207C-42A8-853B-6AA9A02FE42A}.Debug|x64.Build.0 = Debug|Any CPU
		{C7B7DA16-207C-42A8-853B-6AA9A02FE42A}.Debug|x86.ActiveCfg = Debug|Any CPU
		{C7B7DA16-207C-42A8-853B-6AA9A02FE42A}.Debug|x86.Build.0 = Debug|Any CPU
		{C7B7DA16-207C-42A8-853B-6AA9A02FE42A}.Release|Any CPU.ActiveCfg = Release|Any CPU
		{C7B7DA16-207C-42A8-853B-6AA9A02FE42A}.Release|Any CPU.Build.0 = Release|Any CPU
		{C7B7DA16-207C-42A8-853B-6AA9A02FE42A}.Release|ARM.ActiveCfg = Release|Any CPU
		{C7B7DA16-207C-42A8-853B-6AA9A02FE42A}.Release|ARM.Build.0 = Release|Any CPU
		{C7B7DA16-207C-42A8-853B-6AA9A02FE42A}.Release|iPhone.ActiveCfg = Release|Any CPU
		{C7B7DA16-207C-42A8-853B-6AA9A02FE42A}.Release|iPhone.Build.0 = Release|Any CPU
		{C7B7DA16-207C-42A8-853B-6AA9A02FE42A}.Release|iPhoneSimulator.ActiveCfg = Release|Any CPU
		{C7B7DA16-207C-42A8-853B-6AA9A02FE42A}.Release|iPhoneSimulator.Build.0 = Release|Any CPU
		{C7B7DA16-207C-42A8-853B-6AA9A02FE42A}.Release|x64.ActiveCfg = Release|Any CPU
		{C7B7DA16-207C-42A8-853B-6AA9A02FE42A}.Release|x64.Build.0 = Release|Any CPU
		{C7B7DA16-207C-42A8-853B-6AA9A02FE42A}.Release|x86.ActiveCfg = Release|Any CPU
		{C7B7DA16-207C-42A8-853B-6AA9A02FE42A}.Release|x86.Build.0 = Release|Any CPU
	EndGlobalSection
	GlobalSection(SolutionProperties) = preSolution
		HideSolutionNode = FALSE
	EndGlobalSection
	GlobalSection(ExtensibilityGlobals) = postSolution
		SolutionGuid = {9BFECE2E-F823-4A83-963A-C762D3C498C7}
	EndGlobalSection
EndGlobal
